
Microsoft Visual Studio Solution File, Format Version 12.00
# Visual Studio 15
VisualStudioVersion = 15.0.27130.2010
MinimumVisualStudioVersion = 10.0.40219.1
Project("{FAE04EC0-301F-11D3-BF4B-00C04F79EFBC}") = "LogDemo", "LogDemo\LogDemo.csproj", "{4BD587EF-743E-4C7E-9B05-2DAC4048625F}"
EndProject
Project("{FAE04EC0-301F-11D3-BF4B-00C04F79EFBC}") = "LogManager", "LogManager\LogManager.csproj", "{E60FAA40-1E38-4A65-9674-AC8EA9DD8A32}"
EndProject
Global
	GlobalSection(SolutionConfigurationPlatforms) = preSolution
		Debug|Any CPU = Debug|Any CPU
		Release|Any CPU = Release|Any CPU
	EndGlobalSection
	GlobalSection(ProjectConfigurationPlatforms) = postSolution
		{4BD587EF-743E-4C7E-9B05-2DAC4048625F}.Debug|Any CPU.ActiveCfg = Debug|Any CPU
		{4BD587EF-743E-4C7E-9B05-2DAC4048625F}.Debug|Any CPU.Build.0 = Debug|Any CPU
		{4BD587EF-743E-4C7E-9B05-2DAC4048625F}.Release|Any CPU.ActiveCfg = Release|Any CPU
		{4BD587EF-743E-4C7E-9B05-2DAC4048625F}.Release|Any CPU.Build.0 = Release|Any CPU
		{E60FAA40-1E38-4A65-9674-AC8EA9DD8A32}.Debug|Any CPU.ActiveCfg = Debug|Any CPU
		{E60FAA40-1E38-4A65-9674-AC8EA9DD8A32}.Debug|Any CPU.Build.0 = Debug|Any CPU
		{E60FAA40-1E38-4A65-9674-AC8EA9DD8A32}.Release|Any CPU.ActiveCfg = Release|Any CPU
		{E60FAA40-1E38-4A65-9674-AC8EA9DD8A32}.Release|Any CPU.Build.0 = Release|Any CPU
	EndGlobalSection
	GlobalSection(SolutionProperties) = preSolution
		HideSolutionNode = FALSE
	EndGlobalSection
	GlobalSection(ExtensibilityGlobals) = postSolution
		SolutionGuid = {B01D5E91-13C4-441F-9E07-A7D6E72A5A4A}
	EndGlobalSection
EndGlobal
